
Microsoft Visual Studio Solution File, Format Version 12.00
# Visual Studio Version 17
VisualStudioVersion = 17.5.33502.453
MinimumVisualStudioVersion = 10.0.40219.1
Project("{FAE04EC0-301F-11D3-BF4B-00C04F79EFBC}") = "PerCare", "PerCare.csproj", "{4897722E-251A-4E35-B97F-96391F7D7EA8}"
EndProject
Global
	GlobalSection(SolutionConfigurationPlatforms) = preSolution
		Debug|Any CPU = Debug|Any CPU
		Release|Any CPU = Release|Any CPU
	EndGlobalSection
	GlobalSection(ProjectConfigurationPlatforms) = postSolution
		{4897722E-251A-4E35-B97F-96391F7D7EA8}.Debug|Any CPU.ActiveCfg = Debug|Any CPU
		{4897722E-251A-4E35-B97F-96391F7D7EA8}.Debug|Any CPU.Build.0 = Debug|Any CPU
		{4897722E-251A-4E35-B97F-96391F7D7EA8}.Release|Any CPU.ActiveCfg = Release|Any CPU
		{4897722E-251A-4E35-B97F-96391F7D7EA8}.Release|Any CPU.Build.0 = Release|Any CPU
	EndGlobalSection
	GlobalSection(SolutionProperties) = preSolution
		HideSolutionNode = FALSE
	EndGlobalSection
	GlobalSection(ExtensibilityGlobals) = postSolution
		SolutionGuid = {F6DC5034-55C5-48BD-A58A-8CEF53963AFF}
	EndGlobalSection
EndGlobal
